// !$*UTF8*$!
{
	archiveVersion = 1;
	classes = {};
	objectVersion = 56;
	objects = {

/* Begin PBXContainerItemProxy section */
		A20000000000000000000700 /* PBXContainerItemProxy */ = {
			isa = PBXContainerItemProxy;
			containerPortal = A10000000000000000000000 /* Project object */;
			proxyType = 1;
			remoteGlobalIDString = A10000000000000000000001;
			remoteInfo = PocketControlLab;
		};
/* End PBXContainerItemProxy section */

/* Begin PBXBuildFile section */
		A10000000000000000000101 /* PocketControlLabApp.swift in Sources */ = {isa = PBXBuildFile; fileRef = A10000000000000000000201 /* PocketControlLabApp.swift */; };
		A10000000000000000000102 /* PocketLabModel.swift in Sources */ = {isa = PBXBuildFile; fileRef = A10000000000000000000202 /* PocketLabModel.swift */; };
		A10000000000000000000103 /* PocketDevice.swift in Sources */ = {isa = PBXBuildFile; fileRef = A10000000000000000000203 /* PocketDevice.swift */; };
		A10000000000000000000104 /* UVCControl.swift in Sources */ = {isa = PBXBuildFile; fileRef = A10000000000000000000204 /* UVCControl.swift */; };
		A10000000000000000000105 /* ExtensionUnitSnapshot.swift in Sources */ = {isa = PBXBuildFile; fileRef = A10000000000000000000205 /* ExtensionUnitSnapshot.swift */; };
		A10000000000000000000106 /* CameraDiscovery.swift in Sources */ = {isa = PBXBuildFile; fileRef = A10000000000000000000206 /* CameraDiscovery.swift */; };
		A10000000000000000000107 /* CameraPreview.swift in Sources */ = {isa = PBXBuildFile; fileRef = A10000000000000000000207 /* CameraPreview.swift */; };
		A10000000000000000000108 /* PocketUSBDevice.swift in Sources */ = {isa = PBXBuildFile; fileRef = A10000000000000000000208 /* PocketUSBDevice.swift */; };
		A10000000000000000000109 /* UVCControlTransport.swift in Sources */ = {isa = PBXBuildFile; fileRef = A10000000000000000000209 /* UVCControlTransport.swift */; };
		A1000000000000000000010A /* UVCStandardControls.swift in Sources */ = {isa = PBXBuildFile; fileRef = A1000000000000000000020A /* UVCStandardControls.swift */; };
		A1000000000000000000010B /* DJIExtensionUnit.swift in Sources */ = {isa = PBXBuildFile; fileRef = A1000000000000000000020B /* DJIExtensionUnit.swift */; };
		A1000000000000000000010C /* DirectUVCBridge.c in Sources */ = {isa = PBXBuildFile; fileRef = A1000000000000000000020C /* DirectUVCBridge.c */; };
		A1000000000000000000010D /* InvestigationLogger.swift in Sources */ = {isa = PBXBuildFile; fileRef = A1000000000000000000020E /* InvestigationLogger.swift */; };
		A1000000000000000000010E /* SnapshotService.swift in Sources */ = {isa = PBXBuildFile; fileRef = A1000000000000000000020F /* SnapshotService.swift */; };
		A1000000000000000000010F /* ContentView.swift in Sources */ = {isa = PBXBuildFile; fileRef = A10000000000000000000210 /* ContentView.swift */; };
		A10000000000000000000110 /* PreviewView.swift in Sources */ = {isa = PBXBuildFile; fileRef = A10000000000000000000211 /* PreviewView.swift */; };
		A10000000000000000000111 /* DeviceInspectorView.swift in Sources */ = {isa = PBXBuildFile; fileRef = A10000000000000000000212 /* DeviceInspectorView.swift */; };
		A10000000000000000000112 /* UVCControlsView.swift in Sources */ = {isa = PBXBuildFile; fileRef = A10000000000000000000213 /* UVCControlsView.swift */; };
		A10000000000000000000113 /* ExtensionUnitView.swift in Sources */ = {isa = PBXBuildFile; fileRef = A10000000000000000000214 /* ExtensionUnitView.swift */; };
		A10000000000000000000114 /* LogView.swift in Sources */ = {isa = PBXBuildFile; fileRef = A10000000000000000000215 /* LogView.swift */; };
		A10000000000000000000115 /* CameraAccessing.swift in Sources */ = {isa = PBXBuildFile; fileRef = A10000000000000000000218 /* CameraAccessing.swift */; };
		A10000000000000000000116 /* PocketConnectionPresentation.swift in Sources */ = {isa = PBXBuildFile; fileRef = A10000000000000000000219 /* PocketConnectionPresentation.swift */; };
		A10000000000000000000120 /* AVFoundation.framework in Frameworks */ = {isa = PBXBuildFile; fileRef = A10000000000000000000220 /* AVFoundation.framework */; };
		A10000000000000000000121 /* CoreMedia.framework in Frameworks */ = {isa = PBXBuildFile; fileRef = A10000000000000000000221 /* CoreMedia.framework */; };
		A10000000000000000000122 /* CoreMediaIO.framework in Frameworks */ = {isa = PBXBuildFile; fileRef = A10000000000000000000222 /* CoreMediaIO.framework */; };
		A10000000000000000000123 /* IOKit.framework in Frameworks */ = {isa = PBXBuildFile; fileRef = A10000000000000000000223 /* IOKit.framework */; };
		A20000000000000000000101 /* PocketControlLabTests.swift in Sources */ = {isa = PBXBuildFile; fileRef = A20000000000000000000201 /* PocketControlLabTests.swift */; };
/* End PBXBuildFile section */

/* Begin PBXFileReference section */
		A10000000000000000000200 /* PocketControlLab.app */ = {isa = PBXFileReference; explicitFileType = wrapper.application; includeInIndex = 0; path = PocketControlLab.app; sourceTree = BUILT_PRODUCTS_DIR; };
		A10000000000000000000201 /* PocketControlLabApp.swift */ = {isa = PBXFileReference; lastKnownFileType = sourcecode.swift; path = PocketControlLabApp.swift; sourceTree = "<group>"; };
		A10000000000000000000202 /* PocketLabModel.swift */ = {isa = PBXFileReference; lastKnownFileType = sourcecode.swift; path = PocketLabModel.swift; sourceTree = "<group>"; };
		A10000000000000000000203 /* PocketDevice.swift */ = {isa = PBXFileReference; lastKnownFileType = sourcecode.swift; path = PocketDevice.swift; sourceTree = "<group>"; };
		A10000000000000000000204 /* UVCControl.swift */ = {isa = PBXFileReference; lastKnownFileType = sourcecode.swift; path = UVCControl.swift; sourceTree = "<group>"; };
		A10000000000000000000205 /* ExtensionUnitSnapshot.swift */ = {isa = PBXFileReference; lastKnownFileType = sourcecode.swift; path = ExtensionUnitSnapshot.swift; sourceTree = "<group>"; };
		A10000000000000000000206 /* CameraDiscovery.swift */ = {isa = PBXFileReference; lastKnownFileType = sourcecode.swift; path = CameraDiscovery.swift; sourceTree = "<group>"; };
		A10000000000000000000207 /* CameraPreview.swift */ = {isa = PBXFileReference; lastKnownFileType = sourcecode.swift; path = CameraPreview.swift; sourceTree = "<group>"; };
		A10000000000000000000208 /* PocketUSBDevice.swift */ = {isa = PBXFileReference; lastKnownFileType = sourcecode.swift; path = PocketUSBDevice.swift; sourceTree = "<group>"; };
		A10000000000000000000209 /* UVCControlTransport.swift */ = {isa = PBXFileReference; lastKnownFileType = sourcecode.swift; path = UVCControlTransport.swift; sourceTree = "<group>"; };
		A1000000000000000000020A /* UVCStandardControls.swift */ = {isa = PBXFileReference; lastKnownFileType = sourcecode.swift; path = UVCStandardControls.swift; sourceTree = "<group>"; };
		A1000000000000000000020B /* DJIExtensionUnit.swift */ = {isa = PBXFileReference; lastKnownFileType = sourcecode.swift; path = DJIExtensionUnit.swift; sourceTree = "<group>"; };
		A1000000000000000000020C /* DirectUVCBridge.c */ = {isa = PBXFileReference; lastKnownFileType = sourcecode.c.c; path = DirectUVCBridge.c; sourceTree = "<group>"; };
		A1000000000000000000020D /* DirectUVCBridge.h */ = {isa = PBXFileReference; lastKnownFileType = sourcecode.c.h; path = DirectUVCBridge.h; sourceTree = "<group>"; };
		A1000000000000000000020E /* InvestigationLogger.swift */ = {isa = PBXFileReference; lastKnownFileType = sourcecode.swift; path = InvestigationLogger.swift; sourceTree = "<group>"; };
		A1000000000000000000020F /* SnapshotService.swift */ = {isa = PBXFileReference; lastKnownFileType = sourcecode.swift; path = SnapshotService.swift; sourceTree = "<group>"; };
		A10000000000000000000210 /* ContentView.swift */ = {isa = PBXFileReference; lastKnownFileType = sourcecode.swift; path = ContentView.swift; sourceTree = "<group>"; };
		A10000000000000000000211 /* PreviewView.swift */ = {isa = PBXFileReference; lastKnownFileType = sourcecode.swift; path = PreviewView.swift; sourceTree = "<group>"; };
		A10000000000000000000212 /* DeviceInspectorView.swift */ = {isa = PBXFileReference; lastKnownFileType = sourcecode.swift; path = DeviceInspectorView.swift; sourceTree = "<group>"; };
		A10000000000000000000213 /* UVCControlsView.swift */ = {isa = PBXFileReference; lastKnownFileType = sourcecode.swift; path = UVCControlsView.swift; sourceTree = "<group>"; };
		A10000000000000000000214 /* ExtensionUnitView.swift */ = {isa = PBXFileReference; lastKnownFileType = sourcecode.swift; path = ExtensionUnitView.swift; sourceTree = "<group>"; };
		A10000000000000000000215 /* LogView.swift */ = {isa = PBXFileReference; lastKnownFileType = sourcecode.swift; path = LogView.swift; sourceTree = "<group>"; };
		A10000000000000000000216 /* Info.plist */ = {isa = PBXFileReference; lastKnownFileType = text.plist.xml; path = Info.plist; sourceTree = "<group>"; };
		A10000000000000000000217 /* POCKET_CONTROL_LAB.md */ = {isa = PBXFileReference; lastKnownFileType = net.daringfireball.markdown; path = POCKET_CONTROL_LAB.md; sourceTree = "<group>"; };
		A10000000000000000000218 /* CameraAccessing.swift */ = {isa = PBXFileReference; lastKnownFileType = sourcecode.swift; path = CameraAccessing.swift; sourceTree = "<group>"; };
		A10000000000000000000219 /* PocketConnectionPresentation.swift */ = {isa = PBXFileReference; lastKnownFileType = sourcecode.swift; path = PocketConnectionPresentation.swift; sourceTree = "<group>"; };
		A10000000000000000000220 /* AVFoundation.framework */ = {isa = PBXFileReference; lastKnownFileType = wrapper.framework; name = AVFoundation.framework; path = System/Library/Frameworks/AVFoundation.framework; sourceTree = SDKROOT; };
		A10000000000000000000221 /* CoreMedia.framework */ = {isa = PBXFileReference; lastKnownFileType = wrapper.framework; name = CoreMedia.framework; path = System/Library/Frameworks/CoreMedia.framework; sourceTree = SDKROOT; };
		A10000000000000000000222 /* CoreMediaIO.framework */ = {isa = PBXFileReference; lastKnownFileType = wrapper.framework; name = CoreMediaIO.framework; path = System/Library/Frameworks/CoreMediaIO.framework; sourceTree = SDKROOT; };
		A10000000000000000000223 /* IOKit.framework */ = {isa = PBXFileReference; lastKnownFileType = wrapper.framework; name = IOKit.framework; path = System/Library/Frameworks/IOKit.framework; sourceTree = SDKROOT; };
		A20000000000000000000200 /* PocketControlLabTests.xctest */ = {isa = PBXFileReference; explicitFileType = wrapper.cfbundle; includeInIndex = 0; path = PocketControlLabTests.xctest; sourceTree = BUILT_PRODUCTS_DIR; };
		A20000000000000000000201 /* PocketControlLabTests.swift */ = {isa = PBXFileReference; lastKnownFileType = sourcecode.swift; path = PocketControlLabTests.swift; sourceTree = "<group>"; };
/* End PBXFileReference section */

/* Begin PBXFrameworksBuildPhase section */
		A10000000000000000000301 /* Frameworks */ = {
			isa = PBXFrameworksBuildPhase;
			buildActionMask = 2147483647;
			files = (
				A10000000000000000000120 /* AVFoundation.framework in Frameworks */,
				A10000000000000000000121 /* CoreMedia.framework in Frameworks */,
				A10000000000000000000122 /* CoreMediaIO.framework in Frameworks */,
				A10000000000000000000123 /* IOKit.framework in Frameworks */,
			);
			runOnlyForDeploymentPostprocessing = 0;
		};
		A20000000000000000000301 /* Frameworks */ = {
			isa = PBXFrameworksBuildPhase;
			buildActionMask = 2147483647;
			files = (
			);
			runOnlyForDeploymentPostprocessing = 0;
		};
/* End PBXFrameworksBuildPhase section */

/* Begin PBXGroup section */
		A10000000000000000000400 = {
			isa = PBXGroup;
			children = (
				A10000000000000000000401 /* PocketControlLab */,
				A20000000000000000000400 /* PocketControlLabTests */,
				A10000000000000000000404 /* Docs */,
				A10000000000000000000402 /* Frameworks */,
				A10000000000000000000403 /* Products */,
			);
			sourceTree = "<group>";
		};
		A10000000000000000000401 /* PocketControlLab */ = {
			isa = PBXGroup;
			children = (
				A10000000000000000000410 /* App */,
				A10000000000000000000411 /* Models */,
				A10000000000000000000412 /* Camera */,
				A10000000000000000000413 /* USB */,
				A10000000000000000000414 /* Investigation */,
				A10000000000000000000415 /* UI */,
				A10000000000000000000416 /* Resources */,
			);
			name = PocketControlLab;
			path = PocketControlLab;
			sourceTree = SOURCE_ROOT;
		};
		A10000000000000000000404 /* Docs */ = {
			isa = PBXGroup;
			children = (
				A10000000000000000000217 /* POCKET_CONTROL_LAB.md */,
			);
			path = Docs;
			sourceTree = SOURCE_ROOT;
		};
		A10000000000000000000410 /* App */ = {
			isa = PBXGroup;
			children = (
				A10000000000000000000201 /* PocketControlLabApp.swift */,
				A10000000000000000000202 /* PocketLabModel.swift */,
			);
			path = App;
			sourceTree = "<group>";
		};
		A10000000000000000000411 /* Models */ = {
			isa = PBXGroup;
			children = (
				A10000000000000000000203 /* PocketDevice.swift */,
				A10000000000000000000204 /* UVCControl.swift */,
				A10000000000000000000205 /* ExtensionUnitSnapshot.swift */,
				A10000000000000000000219 /* PocketConnectionPresentation.swift */,
			);
			path = Models;
			sourceTree = "<group>";
		};
		A10000000000000000000412 /* Camera */ = {
			isa = PBXGroup;
			children = (
				A10000000000000000000206 /* CameraDiscovery.swift */,
				A10000000000000000000207 /* CameraPreview.swift */,
				A10000000000000000000218 /* CameraAccessing.swift */,
			);
			path = Camera;
			sourceTree = "<group>";
		};
		A10000000000000000000413 /* USB */ = {
			isa = PBXGroup;
			children = (
				A10000000000000000000208 /* PocketUSBDevice.swift */,
				A10000000000000000000209 /* UVCControlTransport.swift */,
				A1000000000000000000020A /* UVCStandardControls.swift */,
				A1000000000000000000020B /* DJIExtensionUnit.swift */,
				A1000000000000000000020C /* DirectUVCBridge.c */,
				A1000000000000000000020D /* DirectUVCBridge.h */,
			);
			path = USB;
			sourceTree = "<group>";
		};
		A10000000000000000000414 /* Investigation */ = {
			isa = PBXGroup;
			children = (
				A1000000000000000000020E /* InvestigationLogger.swift */,
				A1000000000000000000020F /* SnapshotService.swift */,
			);
			path = Investigation;
			sourceTree = "<group>";
		};
		A10000000000000000000415 /* UI */ = {
			isa = PBXGroup;
			children = (
				A10000000000000000000210 /* ContentView.swift */,
				A10000000000000000000211 /* PreviewView.swift */,
				A10000000000000000000212 /* DeviceInspectorView.swift */,
				A10000000000000000000213 /* UVCControlsView.swift */,
				A10000000000000000000214 /* ExtensionUnitView.swift */,
				A10000000000000000000215 /* LogView.swift */,
			);
			path = UI;
			sourceTree = "<group>";
		};
		A10000000000000000000416 /* Resources */ = {
			isa = PBXGroup;
			children = (
				A10000000000000000000216 /* Info.plist */,
			);
			path = Resources;
			sourceTree = "<group>";
		};
		A10000000000000000000402 /* Frameworks */ = {
			isa = PBXGroup;
			children = (
				A10000000000000000000220 /* AVFoundation.framework */,
				A10000000000000000000221 /* CoreMedia.framework */,
				A10000000000000000000222 /* CoreMediaIO.framework */,
				A10000000000000000000223 /* IOKit.framework */,
			);
			name = Frameworks;
			sourceTree = "<group>";
		};
		A10000000000000000000403 /* Products */ = {
			isa = PBXGroup;
			children = (
				A10000000000000000000200 /* PocketControlLab.app */,
				A20000000000000000000200 /* PocketControlLabTests.xctest */,
			);
			name = Products;
			sourceTree = "<group>";
		};
		A20000000000000000000400 /* PocketControlLabTests */ = {
			isa = PBXGroup;
			children = (
				A20000000000000000000201 /* PocketControlLabTests.swift */,
			);
			path = PocketControlLabTests;
			sourceTree = SOURCE_ROOT;
		};
/* End PBXGroup section */

/* Begin PBXNativeTarget section */
		A10000000000000000000001 /* PocketControlLab */ = {
			isa = PBXNativeTarget;
			buildConfigurationList = A10000000000000000000501 /* Build configuration list for PBXNativeTarget \"PocketControlLab\" */;
			buildPhases = (
				A10000000000000000000300 /* Sources */,
				A10000000000000000000301 /* Frameworks */,
				A10000000000000000000302 /* Resources */,
			);
			buildRules = ();
			dependencies = ();
			name = PocketControlLab;
			productName = PocketControlLab;
			productReference = A10000000000000000000200 /* PocketControlLab.app */;
			productType = "com.apple.product-type.application";
		};
		A20000000000000000000001 /* PocketControlLabTests */ = {
			isa = PBXNativeTarget;
			buildConfigurationList = A20000000000000000000500 /* Build configuration list for PBXNativeTarget "PocketControlLabTests" */;
			buildPhases = (
				A20000000000000000000300 /* Sources */,
				A20000000000000000000301 /* Frameworks */,
				A20000000000000000000302 /* Resources */,
			);
			buildRules = ();
			dependencies = (
				A20000000000000000000800 /* PBXTargetDependency */,
			);
			name = PocketControlLabTests;
			productName = PocketControlLabTests;
			productReference = A20000000000000000000200 /* PocketControlLabTests.xctest */;
			productType = "com.apple.product-type.bundle.unit-test";
		};
/* End PBXNativeTarget section */

/* Begin PBXProject section */
		A10000000000000000000000 /* Project object */ = {
			isa = PBXProject;
			attributes = {
				BuildIndependentTargetsInParallel = 1;
				LastSwiftUpdateCheck = 2600;
				LastUpgradeCheck = 2600;
				TargetAttributes = {
					A10000000000000000000001 = {
						CreatedOnToolsVersion = 26.0;
					};
					A20000000000000000000001 = {
						CreatedOnToolsVersion = 26.6;
						TestTargetID = A10000000000000000000001;
					};
				};
			};
			buildConfigurationList = A10000000000000000000500 /* Build configuration list for PBXProject \"PocketControlLab\" */;
			compatibilityVersion = "Xcode 14.0";
			developmentRegion = en;
			hasScannedForEncodings = 0;
			knownRegions = (
				en,
				Base,
			);
			mainGroup = A10000000000000000000400;
			productRefGroup = A10000000000000000000403 /* Products */;
			projectDirPath = "";
			projectRoot = "";
			targets = (
				A10000000000000000000001 /* PocketControlLab */,
				A20000000000000000000001 /* PocketControlLabTests */,
			);
		};
/* End PBXProject section */

/* Begin PBXResourcesBuildPhase section */
		A10000000000000000000302 /* Resources */ = {
			isa = PBXResourcesBuildPhase;
			buildActionMask = 2147483647;
			files = ();
			runOnlyForDeploymentPostprocessing = 0;
		};
		A20000000000000000000302 /* Resources */ = {
			isa = PBXResourcesBuildPhase;
			buildActionMask = 2147483647;
			files = ();
			runOnlyForDeploymentPostprocessing = 0;
		};
/* End PBXResourcesBuildPhase section */

/* Begin PBXSourcesBuildPhase section */
		A10000000000000000000300 /* Sources */ = {
			isa = PBXSourcesBuildPhase;
			buildActionMask = 2147483647;
			files = (
				A10000000000000000000101 /* PocketControlLabApp.swift in Sources */,
				A10000000000000000000102 /* PocketLabModel.swift in Sources */,
				A10000000000000000000103 /* PocketDevice.swift in Sources */,
				A10000000000000000000104 /* UVCControl.swift in Sources */,
				A10000000000000000000105 /* ExtensionUnitSnapshot.swift in Sources */,
				A10000000000000000000106 /* CameraDiscovery.swift in Sources */,
				A10000000000000000000107 /* CameraPreview.swift in Sources */,
				A10000000000000000000108 /* PocketUSBDevice.swift in Sources */,
				A10000000000000000000109 /* UVCControlTransport.swift in Sources */,
				A1000000000000000000010A /* UVCStandardControls.swift in Sources */,
				A1000000000000000000010B /* DJIExtensionUnit.swift in Sources */,
				A1000000000000000000010C /* DirectUVCBridge.c in Sources */,
				A1000000000000000000010D /* InvestigationLogger.swift in Sources */,
				A1000000000000000000010E /* SnapshotService.swift in Sources */,
				A1000000000000000000010F /* ContentView.swift in Sources */,
				A10000000000000000000110 /* PreviewView.swift in Sources */,
				A10000000000000000000111 /* DeviceInspectorView.swift in Sources */,
				A10000000000000000000112 /* UVCControlsView.swift in Sources */,
				A10000000000000000000113 /* ExtensionUnitView.swift in Sources */,
				A10000000000000000000114 /* LogView.swift in Sources */,
				A10000000000000000000115 /* CameraAccessing.swift in Sources */,
				A10000000000000000000116 /* PocketConnectionPresentation.swift in Sources */,
			);
			runOnlyForDeploymentPostprocessing = 0;
		};
		A20000000000000000000300 /* Sources */ = {
			isa = PBXSourcesBuildPhase;
			buildActionMask = 2147483647;
			files = (
				A20000000000000000000101 /* PocketControlLabTests.swift in Sources */,
			);
			runOnlyForDeploymentPostprocessing = 0;
		};
/* End PBXSourcesBuildPhase section */

/* Begin PBXTargetDependency section */
		A20000000000000000000800 /* PBXTargetDependency */ = {
			isa = PBXTargetDependency;
			target = A10000000000000000000001 /* PocketControlLab */;
			targetProxy = A20000000000000000000700 /* PBXContainerItemProxy */;
		};
/* End PBXTargetDependency section */

/* Begin XCBuildConfiguration section */
		A10000000000000000000600 /* Debug */ = {
			isa = XCBuildConfiguration;
			buildSettings = {
				CLANG_C_LANGUAGE_STANDARD = gnu17;
				CLANG_ENABLE_MODULES = YES;
				CLANG_WARN_DOCUMENTATION_COMMENTS = YES;
				DEBUG_INFORMATION_FORMAT = dwarf;
				ENABLE_TESTABILITY = YES;
				GCC_C_LANGUAGE_STANDARD = gnu17;
				MACOSX_DEPLOYMENT_TARGET = 15.0;
				SDKROOT = macosx;
				SWIFT_ACTIVE_COMPILATION_CONDITIONS = DEBUG;
				SWIFT_OPTIMIZATION_LEVEL = "-Onone";
			};
			name = Debug;
		};
		A10000000000000000000601 /* Release */ = {
			isa = XCBuildConfiguration;
			buildSettings = {
				CLANG_C_LANGUAGE_STANDARD = gnu17;
				CLANG_ENABLE_MODULES = YES;
				CLANG_WARN_DOCUMENTATION_COMMENTS = YES;
				DEBUG_INFORMATION_FORMAT = "dwarf-with-dsym";
				GCC_C_LANGUAGE_STANDARD = gnu17;
				MACOSX_DEPLOYMENT_TARGET = 15.0;
				SDKROOT = macosx;
				SWIFT_COMPILATION_MODE = wholemodule;
				SWIFT_OPTIMIZATION_LEVEL = "-O";
			};
			name = Release;
		};
		A10000000000000000000610 /* Debug */ = {
			isa = XCBuildConfiguration;
			buildSettings = {
				CODE_SIGNING_ALLOWED = YES;
				CODE_SIGN_IDENTITY = "-";
				CODE_SIGN_INJECT_BASE_ENTITLEMENTS = NO;
				CODE_SIGN_STYLE = Manual;
				DEVELOPMENT_TEAM = "";
				ENABLE_HARDENED_RUNTIME = YES;
				ENABLE_APP_SANDBOX = NO;
				GENERATE_INFOPLIST_FILE = NO;
				INFOPLIST_FILE = PocketControlLab/Resources/Info.plist;
				LD_RUNPATH_SEARCH_PATHS = "$(inherited) @executable_path/../Frameworks";
				MACOSX_DEPLOYMENT_TARGET = 15.0;
				CURRENT_PROJECT_VERSION = 1;
				MARKETING_VERSION = 0.1.0;
				PRODUCT_BUNDLE_IDENTIFIER = org.pocketcontrollab.PocketControlLab;
				PRODUCT_NAME = "$(TARGET_NAME)";
				SDKROOT = macosx;
				SWIFT_OBJC_BRIDGING_HEADER = PocketControlLab/USB/DirectUVCBridge.h;
				SWIFT_STRICT_CONCURRENCY = complete;
				SWIFT_VERSION = 6.0;
			};
			name = Debug;
		};
		A10000000000000000000611 /* Release */ = {
			isa = XCBuildConfiguration;
			buildSettings = {
				CODE_SIGNING_ALLOWED = YES;
				CODE_SIGN_IDENTITY = "-";
				CODE_SIGN_INJECT_BASE_ENTITLEMENTS = NO;
				CODE_SIGN_STYLE = Manual;
				DEVELOPMENT_TEAM = "";
				ENABLE_HARDENED_RUNTIME = YES;
				ENABLE_APP_SANDBOX = NO;
				GENERATE_INFOPLIST_FILE = NO;
				INFOPLIST_FILE = PocketControlLab/Resources/Info.plist;
				LD_RUNPATH_SEARCH_PATHS = "$(inherited) @executable_path/../Frameworks";
				MACOSX_DEPLOYMENT_TARGET = 15.0;
				CURRENT_PROJECT_VERSION = 1;
				MARKETING_VERSION = 0.1.0;
				PRODUCT_BUNDLE_IDENTIFIER = org.pocketcontrollab.PocketControlLab;
				PRODUCT_NAME = "$(TARGET_NAME)";
				SDKROOT = macosx;
				SWIFT_OBJC_BRIDGING_HEADER = PocketControlLab/USB/DirectUVCBridge.h;
				SWIFT_STRICT_CONCURRENCY = complete;
				SWIFT_VERSION = 6.0;
			};
			name = Release;
		};
		A20000000000000000000600 /* Debug */ = {
			isa = XCBuildConfiguration;
			buildSettings = {
				BUNDLE_LOADER = "$(TEST_HOST)";
				CODE_SIGN_IDENTITY = "-";
				CODE_SIGN_INJECT_BASE_ENTITLEMENTS = NO;
				CODE_SIGN_STYLE = Manual;
				DEVELOPMENT_TEAM = "";
				GENERATE_INFOPLIST_FILE = YES;
				MACOSX_DEPLOYMENT_TARGET = 15.0;
				PRODUCT_BUNDLE_IDENTIFIER = org.pocketcontrollab.PocketControlLabTests;
				PRODUCT_NAME = "$(TARGET_NAME)";
				SDKROOT = macosx;
				SWIFT_STRICT_CONCURRENCY = complete;
				SWIFT_VERSION = 6.0;
				TEST_HOST = "$(BUILT_PRODUCTS_DIR)/PocketControlLab.app/$(BUNDLE_EXECUTABLE_FOLDER_PATH)/PocketControlLab";
				TEST_TARGET_NAME = PocketControlLab;
			};
			name = Debug;
		};
		A20000000000000000000601 /* Release */ = {
			isa = XCBuildConfiguration;
			buildSettings = {
				BUNDLE_LOADER = "$(TEST_HOST)";
				CODE_SIGN_IDENTITY = "-";
				CODE_SIGN_INJECT_BASE_ENTITLEMENTS = NO;
				CODE_SIGN_STYLE = Manual;
				DEVELOPMENT_TEAM = "";
				GENERATE_INFOPLIST_FILE = YES;
				MACOSX_DEPLOYMENT_TARGET = 15.0;
				PRODUCT_BUNDLE_IDENTIFIER = org.pocketcontrollab.PocketControlLabTests;
				PRODUCT_NAME = "$(TARGET_NAME)";
				SDKROOT = macosx;
				SWIFT_STRICT_CONCURRENCY = complete;
				SWIFT_VERSION = 6.0;
				TEST_HOST = "$(BUILT_PRODUCTS_DIR)/PocketControlLab.app/$(BUNDLE_EXECUTABLE_FOLDER_PATH)/PocketControlLab";
				TEST_TARGET_NAME = PocketControlLab;
			};
			name = Release;
		};
/* End XCBuildConfiguration section */

/* Begin XCConfigurationList section */
		A10000000000000000000500 /* Build configuration list for PBXProject \"PocketControlLab\" */ = {
			isa = XCConfigurationList;
			buildConfigurations = (
				A10000000000000000000600 /* Debug */,
				A10000000000000000000601 /* Release */,
			);
			defaultConfigurationIsVisible = 0;
			defaultConfigurationName = Release;
		};
		A10000000000000000000501 /* Build configuration list for PBXNativeTarget \"PocketControlLab\" */ = {
			isa = XCConfigurationList;
			buildConfigurations = (
				A10000000000000000000610 /* Debug */,
				A10000000000000000000611 /* Release */,
			);
			defaultConfigurationIsVisible = 0;
			defaultConfigurationName = Release;
		};
		A20000000000000000000500 /* Build configuration list for PBXNativeTarget \"PocketControlLabTests\" */ = {
			isa = XCConfigurationList;
			buildConfigurations = (
				A20000000000000000000600 /* Debug */,
				A20000000000000000000601 /* Release */,
			);
			defaultConfigurationIsVisible = 0;
			defaultConfigurationName = Release;
		};
/* End XCConfigurationList section */
	};
	rootObject = A10000000000000000000000 /* Project object */;
}
